
Microsoft Visual Studio Solution File, Format Version 12.00
# Visual Studio Version 16
VisualStudioVersion = 16.0.31112.23
MinimumVisualStudioVersion = 10.0.40219.1
Project("{FAE04EC0-301F-11D3-BF4B-00C04F79EFBC}") = "lab_02_os_462", "lab_02_os_462\lab_02_os_462.csproj", "{0F4AB4F7-7ADC-4EE1-A37D-3C995D3ADA25}"
EndProject
Global
	GlobalSection(SolutionConfigurationPlatforms) = preSolution
		Debug|Any CPU = Debug|Any CPU
		Release|Any CPU = Release|Any CPU
	EndGlobalSection
	GlobalSection(ProjectConfigurationPlatforms) = postSolution
		{0F4AB4F7-7ADC-4EE1-A37D-3C995D3ADA25}.Debug|Any CPU.ActiveCfg = Debug|Any CPU
		{0F4AB4F7-7ADC-4EE1-A37D-3C995D3ADA25}.Debug|Any CPU.Build.0 = Debug|Any CPU
		{0F4AB4F7-7ADC-4EE1-A37D-3C995D3ADA25}.Release|Any CPU.ActiveCfg = Release|Any CPU
		{0F4AB4F7-7ADC-4EE1-A37D-3C995D3ADA25}.Release|Any CPU.Build.0 = Release|Any CPU
	EndGlobalSection
	GlobalSection(SolutionProperties) = preSolution
		HideSolutionNode = FALSE
	EndGlobalSection
	GlobalSection(ExtensibilityGlobals) = postSolution
		SolutionGuid = {6995ECD9-86DB-4616-95F0-3DA0A3408AF1}
	EndGlobalSection
EndGlobal
